
Microsoft Visual Studio Solution File, Format Version 12.00
# Visual Studio Version 16
VisualStudioVersion = 16.0.31624.102
MinimumVisualStudioVersion = 10.0.40219.1
Project("{FAE04EC0-301F-11D3-BF4B-00C04F79EFBC}") = "Shop.API", "Shop.API\Shop.API.csproj", "{87F57A98-22D3-495F-95AD-591861EF3CF9}"
EndProject
Project("{FAE04EC0-301F-11D3-BF4B-00C04F79EFBC}") = "Shop.Domain", "Shop.Domain\Shop.Domain.csproj", "{34261D0A-CBAB-411A-BA1F-6D87DD9AB728}"
EndProject
Project("{FAE04EC0-301F-11D3-BF4B-00C04F79EFBC}") = "Shop.Infra", "Shop.Infra\Shop.Infra.csproj", "{934310EF-83CF-4B2B-972A-D8FC1CDA7502}"
EndProject
Global
	GlobalSection(SolutionConfigurationPlatforms) = preSolution
		Debug|Any CPU = Debug|Any CPU
		Release|Any CPU = Release|Any CPU
	EndGlobalSection
	GlobalSection(ProjectConfigurationPlatforms) = postSolution
		{87F57A98-22D3-495F-95AD-591861EF3CF9}.Debug|Any CPU.ActiveCfg = Debug|Any CPU
		{87F57A98-22D3-495F-95AD-591861EF3CF9}.Debug|Any CPU.Build.0 = Debug|Any CPU
		{87F57A98-22D3-495F-95AD-591861EF3CF9}.Release|Any CPU.ActiveCfg = Release|Any CPU
		{87F57A98-22D3-495F-95AD-591861EF3CF9}.Release|Any CPU.Build.0 = Release|Any CPU
		{34261D0A-CBAB-411A-BA1F-6D87DD9AB728}.Debug|Any CPU.ActiveCfg = Debug|Any CPU
		{34261D0A-CBAB-411A-BA1F-6D87DD9AB728}.Debug|Any CPU.Build.0 = Debug|Any CPU
		{34261D0A-CBAB-411A-BA1F-6D87DD9AB728}.Release|Any CPU.ActiveCfg = Release|Any CPU
		{34261D0A-CBAB-411A-BA1F-6D87DD9AB728}.Release|Any CPU.Build.0 = Release|Any CPU
		{934310EF-83CF-4B2B-972A-D8FC1CDA7502}.Debug|Any CPU.ActiveCfg = Debug|Any CPU
		{934310EF-83CF-4B2B-972A-D8FC1CDA7502}.Debug|Any CPU.Build.0 = Debug|Any CPU
		{934310EF-83CF-4B2B-972A-D8FC1CDA7502}.Release|Any CPU.ActiveCfg = Release|Any CPU
		{934310EF-83CF-4B2B-972A-D8FC1CDA7502}.Release|Any CPU.Build.0 = Release|Any CPU
	EndGlobalSection
	GlobalSection(SolutionProperties) = preSolution
		HideSolutionNode = FALSE
	EndGlobalSection
	GlobalSection(ExtensibilityGlobals) = postSolution
		SolutionGuid = {36A45040-17D5-4565-90C8-96AACCF2D1D1}
	EndGlobalSection
EndGlobal
